
Microsoft Visual Studio Solution File, Format Version 12.00
# Visual Studio Version 17
VisualStudioVersion = 17.14.36301.6 d17.14
MinimumVisualStudioVersion = 10.0.40219.1
Project("{FAE04EC0-301F-11D3-BF4B-00C04F79EFBC}") = "ProductApp", "ProductApp.csproj", "{C25669B5-EEFE-4B03-BD20-E8FCE2998ACA}"
EndProject
Global
	GlobalSection(SolutionConfigurationPlatforms) = preSolution
		Debug|Any CPU = Debug|Any CPU
		Release|Any CPU = Release|Any CPU
	EndGlobalSection
	GlobalSection(ProjectConfigurationPlatforms) = postSolution
		{C25669B5-EEFE-4B03-BD20-E8FCE2998ACA}.Debug|Any CPU.ActiveCfg = Debug|Any CPU
		{C25669B5-EEFE-4B03-BD20-E8FCE2998ACA}.Debug|Any CPU.Build.0 = Debug|Any CPU
		{C25669B5-EEFE-4B03-BD20-E8FCE2998ACA}.Release|Any CPU.ActiveCfg = Release|Any CPU
		{C25669B5-EEFE-4B03-BD20-E8FCE2998ACA}.Release|Any CPU.Build.0 = Release|Any CPU
	EndGlobalSection
	GlobalSection(SolutionProperties) = preSolution
		HideSolutionNode = FALSE
	EndGlobalSection
	GlobalSection(ExtensibilityGlobals) = postSolution
		SolutionGuid = {3F348F8E-4863-4C45-BD05-465D5CCA06F5}
	EndGlobalSection
EndGlobal
